
Microsoft Visual Studio Solution File, Format Version 12.00
# Visual Studio Version 17
VisualStudioVersion = 17.4.33205.214
MinimumVisualStudioVersion = 10.0.40219.1
Project("{FAE04EC0-301F-11D3-BF4B-00C04F79EFBC}") = "StackAndQueue", "StackAndQueue\StackAndQueue.csproj", "{83288D1E-F8F3-4656-A850-2F0424E07375}"
EndProject
Global
	GlobalSection(SolutionConfigurationPlatforms) = preSolution
		Debug|Any CPU = Debug|Any CPU
		Release|Any CPU = Release|Any CPU
	EndGlobalSection
	GlobalSection(ProjectConfigurationPlatforms) = postSolution
		{83288D1E-F8F3-4656-A850-2F0424E07375}.Debug|Any CPU.ActiveCfg = Debug|Any CPU
		{83288D1E-F8F3-4656-A850-2F0424E07375}.Debug|Any CPU.Build.0 = Debug|Any CPU
		{83288D1E-F8F3-4656-A850-2F0424E07375}.Release|Any CPU.ActiveCfg = Release|Any CPU
		{83288D1E-F8F3-4656-A850-2F0424E07375}.Release|Any CPU.Build.0 = Release|Any CPU
	EndGlobalSection
	GlobalSection(SolutionProperties) = preSolution
		HideSolutionNode = FALSE
	EndGlobalSection
	GlobalSection(ExtensibilityGlobals) = postSolution
		SolutionGuid = {644D760C-8CC3-4BE2-8318-9BBC59898E58}
	EndGlobalSection
EndGlobal
